
Microsoft Visual Studio Solution File, Format Version 12.00
Project("{FAE04EC0-301F-11D3-BF4B-00C04F79EFBC}") = "wumpapi", "wumpapi.csproj", "{EF8DF5F0-49E2-45D3-88B4-26D5FB208623}"
EndProject
Global
	GlobalSection(SolutionConfigurationPlatforms) = preSolution
		Debug|Any CPU = Debug|Any CPU
		Release|Any CPU = Release|Any CPU
	EndGlobalSection
	GlobalSection(ProjectConfigurationPlatforms) = postSolution
		{EF8DF5F0-49E2-45D3-88B4-26D5FB208623}.Debug|Any CPU.ActiveCfg = Debug|Any CPU
		{EF8DF5F0-49E2-45D3-88B4-26D5FB208623}.Debug|Any CPU.Build.0 = Debug|Any CPU
		{EF8DF5F0-49E2-45D3-88B4-26D5FB208623}.Release|Any CPU.ActiveCfg = Release|Any CPU
		{EF8DF5F0-49E2-45D3-88B4-26D5FB208623}.Release|Any CPU.Build.0 = Release|Any CPU
	EndGlobalSection
EndGlobal
